Microsoft Visual Studio Solution File, Format Version 8.00
Project("{54435603-DBB4-11D2-8724-00A0C9A8B90C}") = "Sola_Scriptura_Library_System", "Sola_Scriptura_Library_System\Sola_Scriptura_Library_System.vdproj", "{3EACA1B8-7621-4F0E-8FEE-255820EA1389}"
	ProjectSection(ProjectDependencies) = postProject
	EndProjectSection
EndProject
Global
	GlobalSection(SolutionConfiguration) = preSolution
		Debug = Debug
		Release = Release
	EndGlobalSection
	GlobalSection(ProjectConfiguration) = postSolution
		{3EACA1B8-7621-4F0E-8FEE-255820EA1389}.Debug.ActiveCfg = Debug
		{3EACA1B8-7621-4F0E-8FEE-255820EA1389}.Release.ActiveCfg = Release
	EndGlobalSection
	GlobalSection(ExtensibilityGlobals) = postSolution
	EndGlobalSection
	GlobalSection(ExtensibilityAddIns) = postSolution
	EndGlobalSection
EndGlobal
