Microsoft Visual Studio Solution File, Format Version 10.00
# Visual Studio 2008
Project("{FAE04EC0-301F-11D3-BF4B-00C04F79EFBC}") = "Sola_Scriptura_Library", "Sola_Scriptura_Library.csproj", "{DDBA6E9A-E5C1-4C71-8550-ED83BF308D77}"
EndProject
Project("{54435603-DBB4-11D2-8724-00A0C9A8B90C}") = "Sola Scriptura Library", "..\Sola Scriptura Library\Sola Scriptura Library.vdproj", "{DE9FE46F-166F-4AE6-87B5-1205B62D0082}"
EndProject
Global
	GlobalSection(SolutionConfigurationPlatforms) = preSolution
		Debug|Any CPU = Debug|Any CPU
		Release|Any CPU = Release|Any CPU
	EndGlobalSection
	GlobalSection(ProjectConfigurationPlatforms) = postSolution
		{DDBA6E9A-E5C1-4C71-8550-ED83BF308D77}.Debug|Any CPU.ActiveCfg = Debug|Any CPU
		{DDBA6E9A-E5C1-4C71-8550-ED83BF308D77}.Debug|Any CPU.Build.0 = Debug|Any CPU
		{DDBA6E9A-E5C1-4C71-8550-ED83BF308D77}.Release|Any CPU.ActiveCfg = Release|Any CPU
		{DDBA6E9A-E5C1-4C71-8550-ED83BF308D77}.Release|Any CPU.Build.0 = Release|Any CPU
		{DE9FE46F-166F-4AE6-87B5-1205B62D0082}.Debug|Any CPU.ActiveCfg = Debug
		{DE9FE46F-166F-4AE6-87B5-1205B62D0082}.Release|Any CPU.ActiveCfg = Release
	EndGlobalSection
	GlobalSection(SolutionProperties) = preSolution
		HideSolutionNode = FALSE
	EndGlobalSection
EndGlobal
